// !$*UTF8*$!
{
	archiveVersion = 1;
	classes = {
	};
	objectVersion = 48;
	objects = {

/* Begin PBXBuildFile section */
		2471485D2123F58100B3DC6A /* Rv.swift in Sources */ = {isa = PBXBuildFile; fileRef = 2471485C2123F58100B3DC6A /* Rv.swift */; };
		2471485F2123F5A100B3DC6A /* Truck.swift in Sources */ = {isa = PBXBuildFile; fileRef = 2471485E2123F5A100B3DC6A /* Truck.swift */; };
		24FD5AB52122A13700B46A3F /* AppDelegate.swift in Sources */ = {isa = PBXBuildFile; fileRef = 24FD5AB42122A13700B46A3F /* AppDelegate.swift */; };
		24FD5AB72122A13700B46A3F /* ViewController.swift in Sources */ = {isa = PBXBuildFile; fileRef = 24FD5AB62122A13700B46A3F /* ViewController.swift */; };
		24FD5ABA2122A13700B46A3F /* Main.storyboard in Resources */ = {isa = PBXBuildFile; fileRef = 24FD5AB82122A13700B46A3F /* Main.storyboard */; };
		24FD5ABC2122A13700B46A3F /* Assets.xcassets in Resources */ = {isa = PBXBuildFile; fileRef = 24FD5ABB2122A13700B46A3F /* Assets.xcassets */; };
		24FD5ABF2122A13700B46A3F /* LaunchScreen.storyboard in Resources */ = {isa = PBXBuildFile; fileRef = 24FD5ABD2122A13700B46A3F /* LaunchScreen.storyboard */; };
		24FD5ACA2122A13700B46A3F /* iOS_ClubTests.swift in Sources */ = {isa = PBXBuildFile; fileRef = 24FD5AC92122A13700B46A3F /* iOS_ClubTests.swift */; };
		24FD5AD52122A13700B46A3F /* iOS_ClubUITests.swift in Sources */ = {isa = PBXBuildFile; fileRef = 24FD5AD42122A13700B46A3F /* iOS_ClubUITests.swift */; };
		24FD5AE32122A31A00B46A3F /* Car.swift in Sources */ = {isa = PBXBuildFile; fileRef = 24FD5AE22122A31A00B46A3F /* Car.swift */; };
/* End PBXBuildFile section */

/* Begin PBXContainerItemProxy section */
		24FD5AC62122A13700B46A3F /* PBXContainerItemProxy */ = {
			isa = PBXContainerItemProxy;
			containerPortal = 24FD5AA92122A13700B46A3F /* Project object */;
			proxyType = 1;
			remoteGlobalIDString = 24FD5AB02122A13700B46A3F;
			remoteInfo = iOS_Club;
		};
		24FD5AD12122A13700B46A3F /* PBXContainerItemProxy */ = {
			isa = PBXContainerItemProxy;
			containerPortal = 24FD5AA92122A13700B46A3F /* Project object */;
			proxyType = 1;
			remoteGlobalIDString = 24FD5AB02122A13700B46A3F;
			remoteInfo = iOS_Club;
		};
/* End PBXContainerItemProxy section */

/* Begin PBXFileReference section */
		2471485C2123F58100B3DC6A /* Rv.swift */ = {isa = PBXFileReference; lastKnownFileType = sourcecode.swift; path = Rv.swift; sourceTree = "<group>"; };
		2471485E2123F5A100B3DC6A /* Truck.swift */ = {isa = PBXFileReference; lastKnownFileType = sourcecode.swift; path = Truck.swift; sourceTree = "<group>"; };
		24FD5AB12122A13700B46A3F /* iOS_Club.app */ = {isa = PBXFileReference; explicitFileType = wrapper.application; includeInIndex = 0; path = iOS_Club.app; sourceTree = BUILT_PRODUCTS_DIR; };
		24FD5AB42122A13700B46A3F /* AppDelegate.swift */ = {isa = PBXFileReference; lastKnownFileType = sourcecode.swift; path = AppDelegate.swift; sourceTree = "<group>"; };
		24FD5AB62122A13700B46A3F /* ViewController.swift */ = {isa = PBXFileReference; lastKnownFileType = sourcecode.swift; path = ViewController.swift; sourceTree = "<group>"; };
		24FD5AB92122A13700B46A3F /* Base */ = {isa = PBXFileReference; lastKnownFileType = file.storyboard; name = Base; path = Base.lproj/Main.storyboard; sourceTree = "<group>"; };
		24FD5ABB2122A13700B46A3F /* Assets.xcassets */ = {isa = PBXFileReference; lastKnownFileType = folder.assetcatalog; path = Assets.xcassets; sourceTree = "<group>"; };
		24FD5ABE2122A13700B46A3F /* Base */ = {isa = PBXFileReference; lastKnownFileType = file.storyboard; name = Base; path = Base.lproj/LaunchScreen.storyboard; sourceTree = "<group>"; };
		24FD5AC02122A13700B46A3F /* Info.plist */ = {isa = PBXFileReference; lastKnownFileType = text.plist.xml; path = Info.plist; sourceTree = "<group>"; };
		24FD5AC52122A13700B46A3F /* iOS_ClubTests.xctest */ = {isa = PBXFileReference; explicitFileType = wrapper.cfbundle; includeInIndex = 0; path = iOS_ClubTests.xctest; sourceTree = BUILT_PRODUCTS_DIR; };
		24FD5AC92122A13700B46A3F /* iOS_ClubTests.swift */ = {isa = PBXFileReference; lastKnownFileType = sourcecode.swift; path = iOS_ClubTests.swift; sourceTree = "<group>"; };
		24FD5ACB2122A13700B46A3F /* Info.plist */ = {isa = PBXFileReference; lastKnownFileType = text.plist.xml; path = Info.plist; sourceTree = "<group>"; };
		24FD5AD02122A13700B46A3F /* iOS_ClubUITests.xctest */ = {isa = PBXFileReference; explicitFileType = wrapper.cfbundle; includeInIndex = 0; path = iOS_ClubUITests.xctest; sourceTree = BUILT_PRODUCTS_DIR; };
		24FD5AD42122A13700B46A3F /* iOS_ClubUITests.swift */ = {isa = PBXFileReference; lastKnownFileType = sourcecode.swift; path = iOS_ClubUITests.swift; sourceTree = "<group>"; };
		24FD5AD62122A13700B46A3F /* Info.plist */ = {isa = PBXFileReference; lastKnownFileType = text.plist.xml; path = Info.plist; sourceTree = "<group>"; };
		24FD5AE22122A31A00B46A3F /* Car.swift */ = {isa = PBXFileReference; lastKnownFileType = sourcecode.swift; path = Car.swift; sourceTree = "<group>"; };
/* End PBXFileReference section */

/* Begin PBXFrameworksBuildPhase section */
		24FD5AAE2122A13700B46A3F /* Frameworks */ = {
			isa = PBXFrameworksBuildPhase;
			buildActionMask = 2147483647;
			files = (
			);
			runOnlyForDeploymentPostprocessing = 0;
		};
		24FD5AC22122A13700B46A3F /* Frameworks */ = {
			isa = PBXFrameworksBuildPhase;
			buildActionMask = 2147483647;
			files = (
			);
			runOnlyForDeploymentPostprocessing = 0;
		};
		24FD5ACD2122A13700B46A3F /* Frameworks */ = {
			isa = PBXFrameworksBuildPhase;
			buildActionMask = 2147483647;
			files = (
			);
			runOnlyForDeploymentPostprocessing = 0;
		};
/* End PBXFrameworksBuildPhase section */

/* Begin PBXGroup section */
		24FD5AA82122A13700B46A3F = {
			isa = PBXGroup;
			children = (
				24FD5AB32122A13700B46A3F /* iOS_Club */,
				24FD5AC82122A13700B46A3F /* iOS_ClubTests */,
				24FD5AD32122A13700B46A3F /* iOS_ClubUITests */,
				24FD5AB22122A13700B46A3F /* Products */,
			);
			sourceTree = "<group>";
		};
		24FD5AB22122A13700B46A3F /* Products */ = {
			isa = PBXGroup;
			children = (
				24FD5AB12122A13700B46A3F /* iOS_Club.app */,
				24FD5AC52122A13700B46A3F /* iOS_ClubTests.xctest */,
				24FD5AD02122A13700B46A3F /* iOS_ClubUITests.xctest */,
			);
			name = Products;
			sourceTree = "<group>";
		};
		24FD5AB32122A13700B46A3F /* iOS_Club */ = {
			isa = PBXGroup;
			children = (
				24FD5AB42122A13700B46A3F /* AppDelegate.swift */,
				24FD5AB62122A13700B46A3F /* ViewController.swift */,
				24FD5AB82122A13700B46A3F /* Main.storyboard */,
				24FD5ABB2122A13700B46A3F /* Assets.xcassets */,
				24FD5ABD2122A13700B46A3F /* LaunchScreen.storyboard */,
				24FD5AC02122A13700B46A3F /* Info.plist */,
				24FD5AE22122A31A00B46A3F /* Car.swift */,
				2471485C2123F58100B3DC6A /* Rv.swift */,
				2471485E2123F5A100B3DC6A /* Truck.swift */,
			);
			path = iOS_Club;
			sourceTree = "<group>";
		};
		24FD5AC82122A13700B46A3F /* iOS_ClubTests */ = {
			isa = PBXGroup;
			children = (
				24FD5AC92122A13700B46A3F /* iOS_ClubTests.swift */,
				24FD5ACB2122A13700B46A3F /* Info.plist */,
			);
			path = iOS_ClubTests;
			sourceTree = "<group>";
		};
		24FD5AD32122A13700B46A3F /* iOS_ClubUITests */ = {
			isa = PBXGroup;
			children = (
				24FD5AD42122A13700B46A3F /* iOS_ClubUITests.swift */,
				24FD5AD62122A13700B46A3F /* Info.plist */,
			);
			path = iOS_ClubUITests;
			sourceTree = "<group>";
		};
/* End PBXGroup section */

/* Begin PBXNativeTarget section */
		24FD5AB02122A13700B46A3F /* iOS_Club */ = {
			isa = PBXNativeTarget;
			buildConfigurationList = 24FD5AD92122A13700B46A3F /* Build configuration list for PBXNativeTarget "iOS_Club" */;
			buildPhases = (
				24FD5AAD2122A13700B46A3F /* Sources */,
				24FD5AAE2122A13700B46A3F /* Frameworks */,
				24FD5AAF2122A13700B46A3F /* Resources */,
			);
			buildRules = (
			);
			dependencies = (
			);
			name = iOS_Club;
			productName = iOS_Club;
			productReference = 24FD5AB12122A13700B46A3F /* iOS_Club.app */;
			productType = "com.apple.product-type.application";
		};
		24FD5AC42122A13700B46A3F /* iOS_ClubTests */ = {
			isa = PBXNativeTarget;
			buildConfigurationList = 24FD5ADC2122A13700B46A3F /* Build configuration list for PBXNativeTarget "iOS_ClubTests" */;
			buildPhases = (
				24FD5AC12122A13700B46A3F /* Sources */,
				24FD5AC22122A13700B46A3F /* Frameworks */,
				24FD5AC32122A13700B46A3F /* Resources */,
			);
			buildRules = (
			);
			dependencies = (
				24FD5AC72122A13700B46A3F /* PBXTargetDependency */,
			);
			name = iOS_ClubTests;
			productName = iOS_ClubTests;
			productReference = 24FD5AC52122A13700B46A3F /* iOS_ClubTests.xctest */;
			productType = "com.apple.product-type.bundle.unit-test";
		};
		24FD5ACF2122A13700B46A3F /* iOS_ClubUITests */ = {
			isa = PBXNativeTarget;
			buildConfigurationList = 24FD5ADF2122A13700B46A3F /* Build configuration list for PBXNativeTarget "iOS_ClubUITests" */;
			buildPhases = (
				24FD5ACC2122A13700B46A3F /* Sources */,
				24FD5ACD2122A13700B46A3F /* Frameworks */,
				24FD5ACE2122A13700B46A3F /* Resources */,
			);
			buildRules = (
			);
			dependencies = (
				24FD5AD22122A13700B46A3F /* PBXTargetDependency */,
			);
			name = iOS_ClubUITests;
			productName = iOS_ClubUITests;
			productReference = 24FD5AD02122A13700B46A3F /* iOS_ClubUITests.xctest */;
			productType = "com.apple.product-type.bundle.ui-testing";
		};
/* End PBXNativeTarget section */

/* Begin PBXProject section */
		24FD5AA92122A13700B46A3F /* Project object */ = {
			isa = PBXProject;
			attributes = {
				LastSwiftUpdateCheck = 0910;
				LastUpgradeCheck = 0910;
				ORGANIZATIONNAME = RTC33;
				TargetAttributes = {
					24FD5AB02122A13700B46A3F = {
						CreatedOnToolsVersion = 9.1;
						ProvisioningStyle = Automatic;
					};
					24FD5AC42122A13700B46A3F = {
						CreatedOnToolsVersion = 9.1;
						ProvisioningStyle = Automatic;
						TestTargetID = 24FD5AB02122A13700B46A3F;
					};
					24FD5ACF2122A13700B46A3F = {
						CreatedOnToolsVersion = 9.1;
						ProvisioningStyle = Automatic;
						TestTargetID = 24FD5AB02122A13700B46A3F;
					};
				};
			};
			buildConfigurationList = 24FD5AAC2122A13700B46A3F /* Build configuration list for PBXProject "iOS_Club" */;
			compatibilityVersion = "Xcode 8.0";
			developmentRegion = en;
			hasScannedForEncodings = 0;
			knownRegions = (
				en,
				Base,
			);
			mainGroup = 24FD5AA82122A13700B46A3F;
			productRefGroup = 24FD5AB22122A13700B46A3F /* Products */;
			projectDirPath = "";
			projectRoot = "";
			targets = (
				24FD5AB02122A13700B46A3F /* iOS_Club */,
				24FD5AC42122A13700B46A3F /* iOS_ClubTests */,
				24FD5ACF2122A13700B46A3F /* iOS_ClubUITests */,
			);
		};
/* End PBXProject section */

/* Begin PBXResourcesBuildPhase section */
		24FD5AAF2122A13700B46A3F /* Resources */ = {
			isa = PBXResourcesBuildPhase;
			buildActionMask = 2147483647;
			files = (
				24FD5ABF2122A13700B46A3F /* LaunchScreen.storyboard in Resources */,
				24FD5ABC2122A13700B46A3F /* Assets.xcassets in Resources */,
				24FD5ABA2122A13700B46A3F /* Main.storyboard in Resources */,
			);
			runOnlyForDeploymentPostprocessing = 0;
		};
		24FD5AC32122A13700B46A3F /* Resources */ = {
			isa = PBXResourcesBuildPhase;
			buildActionMask = 2147483647;
			files = (
			);
			runOnlyForDeploymentPostprocessing = 0;
		};
		24FD5ACE2122A13700B46A3F /* Resources */ = {
			isa = PBXResourcesBuildPhase;
			buildActionMask = 2147483647;
			files = (
			);
			runOnlyForDeploymentPostprocessing = 0;
		};
/* End PBXResourcesBuildPhase section */

/* Begin PBXSourcesBuildPhase section */
		24FD5AAD2122A13700B46A3F /* Sources */ = {
			isa = PBXSourcesBuildPhase;
			buildActionMask = 2147483647;
			files = (
				24FD5AB72122A13700B46A3F /* ViewController.swift in Sources */,
				24FD5AE32122A31A00B46A3F /* Car.swift in Sources */,
				2471485F2123F5A100B3DC6A /* Truck.swift in Sources */,
				2471485D2123F58100B3DC6A /* Rv.swift in Sources */,
				24FD5AB52122A13700B46A3F /* AppDelegate.swift in Sources */,
			);
			runOnlyForDeploymentPostprocessing = 0;
		};
		24FD5AC12122A13700B46A3F /* Sources */ = {
			isa = PBXSourcesBuildPhase;
			buildActionMask = 2147483647;
			files = (
				24FD5ACA2122A13700B46A3F /* iOS_ClubTests.swift in Sources */,
			);
			runOnlyForDeploymentPostprocessing = 0;
		};
		24FD5ACC2122A13700B46A3F /* Sources */ = {
			isa = PBXSourcesBuildPhase;
			buildActionMask = 2147483647;
			files = (
				24FD5AD52122A13700B46A3F /* iOS_ClubUITests.swift in Sources */,
			);
			runOnlyForDeploymentPostprocessing = 0;
		};
/* End PBXSourcesBuildPhase section */

/* Begin PBXTargetDependency section */
		24FD5AC72122A13700B46A3F /* PBXTargetDependency */ = {
			isa = PBXTargetDependency;
			target = 24FD5AB02122A13700B46A3F /* iOS_Club */;
			targetProxy = 24FD5AC62122A13700B46A3F /* PBXContainerItemProxy */;
		};
		24FD5AD22122A13700B46A3F /* PBXTargetDependency */ = {
			isa = PBXTargetDependency;
			target = 24FD5AB02122A13700B46A3F /* iOS_Club */;
			targetProxy = 24FD5AD12122A13700B46A3F /* PBXContainerItemProxy */;
		};
/* End PBXTargetDependency section */

/* Begin PBXVariantGroup section */
		24FD5AB82122A13700B46A3F /* Main.storyboard */ = {
			isa = PBXVariantGroup;
			children = (
				24FD5AB92122A13700B46A3F /* Base */,
			);
			name = Main.storyboard;
			sourceTree = "<group>";
		};
		24FD5ABD2122A13700B46A3F /* LaunchScreen.storyboard */ = {
			isa = PBXVariantGroup;
			children = (
				24FD5ABE2122A13700B46A3F /* Base */,
			);
			name = LaunchScreen.storyboard;
			sourceTree = "<group>";
		};
/* End PBXVariantGroup section */

/* Begin XCBuildConfiguration section */
		24FD5AD72122A13700B46A3F /* Debug */ = {
			isa = XCBuildConfiguration;
			buildSettings = {
				ALWAYS_SEARCH_USER_PATHS = NO;
				CLANG_ANALYZER_NONNULL = YES;
				CLANG_ANALYZER_NUMBER_OBJECT_CONVERSION = YES_AGGRESSIVE;
				CLANG_CXX_LANGUAGE_STANDARD = "gnu++14";
				CLANG_CXX_LIBRARY = "libc++";
				CLANG_ENABLE_MODULES = YES;
				CLANG_ENABLE_OBJC_ARC = YES;
				CLANG_WARN_BLOCK_CAPTURE_AUTORELEASING = YES;
				CLANG_WARN_BOOL_CONVERSION = YES;
				CLANG_WARN_COMMA = YES;
				CLANG_WARN_CONSTANT_CONVERSION = YES;
				CLANG_WARN_DIRECT_OBJC_ISA_USAGE = YES_ERROR;
				CLANG_WARN_DOCUMENTATION_COMMENTS = YES;
				CLANG_WARN_EMPTY_BODY = YES;
				CLANG_WARN_ENUM_CONVERSION = YES;
				CLANG_WARN_INFINITE_RECURSION = YES;
				CLANG_WARN_INT_CONVERSION = YES;
				CLANG_WARN_NON_LITERAL_NULL_CONVERSION = YES;
				CLANG_WARN_OBJC_LITERAL_CONVERSION = YES;
				CLANG_WARN_OBJC_ROOT_CLASS = YES_ERROR;
				CLANG_WARN_RANGE_LOOP_ANALYSIS = YES;
				CLANG_WARN_STRICT_PROTOTYPES = YES;
				CLANG_WARN_SUSPICIOUS_MOVE = YES;
				CLANG_WARN_UNGUARDED_AVAILABILITY = YES_AGGRESSIVE;
				CLANG_WARN_UNREACHABLE_CODE = YES;
				CLANG_WARN__DUPLICATE_METHOD_MATCH = YES;
				CODE_SIGN_IDENTITY = "iPhone Developer";
				COPY_PHASE_STRIP = NO;
				DEBUG_INFORMATION_FORMAT = dwarf;
				ENABLE_STRICT_OBJC_MSGSEND = YES;
				ENABLE_TESTABILITY = YES;
				GCC_C_LANGUAGE_STANDARD = gnu11;
				GCC_DYNAMIC_NO_PIC = NO;
				GCC_NO_COMMON_BLOCKS = YES;
				GCC_OPTIMIZATION_LEVEL = 0;
				GCC_PREPROCESSOR_DEFINITIONS = (
					"DEBUG=1",
					"$(inherited)",
				);
				GCC_WARN_64_TO_32_BIT_CONVERSION = YES;
				GCC_WARN_ABOUT_RETURN_TYPE = YES_ERROR;
				GCC_WARN_UNDECLARED_SELECTOR = YES;
				GCC_WARN_UNINITIALIZED_AUTOS = YES_AGGRESSIVE;
				GCC_WARN_UNUSED_FUNCTION = YES;
				GCC_WARN_UNUSED_VARIABLE = YES;
				IPHONEOS_DEPLOYMENT_TARGET = 11.1;
				MTL_ENABLE_DEBUG_INFO = YES;
				ONLY_ACTIVE_ARCH = YES;
				SDKROOT = iphoneos;
				SWIFT_ACTIVE_COMPILATION_CONDITIONS = DEBUG;
				SWIFT_OPTIMIZATION_LEVEL = "-Onone";
			};
			name = Debug;
		};
		24FD5AD82122A13700B46A3F /* Release */ = {
			isa = XCBuildConfiguration;
			buildSettings = {
				ALWAYS_SEARCH_USER_PATHS = NO;
				CLANG_ANALYZER_NONNULL = YES;
				CLANG_ANALYZER_NUMBER_OBJECT_CONVERSION = YES_AGGRESSIVE;
				CLANG_CXX_LANGUAGE_STANDARD = "gnu++14";
				CLANG_CXX_LIBRARY = "libc++";
				CLANG_ENABLE_MODULES = YES;
				CLANG_ENABLE_OBJC_ARC = YES;
				CLANG_WARN_BLOCK_CAPTURE_AUTORELEASING = YES;
				CLANG_WARN_BOOL_CONVERSION = YES;
				CLANG_WARN_COMMA = YES;
				CLANG_WARN_CONSTANT_CONVERSION = YES;
				CLANG_WARN_DIRECT_OBJC_ISA_USAGE = YES_ERROR;
				CLANG_WARN_DOCUMENTATION_COMMENTS = YES;
				CLANG_WARN_EMPTY_BODY = YES;
				CLANG_WARN_ENUM_CONVERSION = YES;
				CLANG_WARN_INFINITE_RECURSION = YES;
				CLANG_WARN_INT_CONVERSION = YES;
				CLANG_WARN_NON_LITERAL_NULL_CONVERSION = YES;
				CLANG_WARN_OBJC_LITERAL_CONVERSION = YES;
				CLANG_WARN_OBJC_ROOT_CLASS = YES_ERROR;
				CLANG_WARN_RANGE_LOOP_ANALYSIS = YES;
				CLANG_WARN_STRICT_PROTOTYPES = YES;
				CLANG_WARN_SUSPICIOUS_MOVE = YES;
				CLANG_WARN_UNGUARDED_AVAILABILITY = YES_AGGRESSIVE;
				CLANG_WARN_UNREACHABLE_CODE = YES;
				CLANG_WARN__DUPLICATE_METHOD_MATCH = YES;
				CODE_SIGN_IDENTITY = "iPhone Developer";
				COPY_PHASE_STRIP = NO;
				DEBUG_INFORMATION_FORMAT = "dwarf-with-dsym";
				ENABLE_NS_ASSERTIONS = NO;
				ENABLE_STRICT_OBJC_MSGSEND = YES;
				GCC_C_LANGUAGE_STANDARD = gnu11;
				GCC_NO_COMMON_BLOCKS = YES;
				GCC_WARN_64_TO_32_BIT_CONVERSION = YES;
				GCC_WARN_ABOUT_RETURN_TYPE = YES_ERROR;
				GCC_WARN_UNDECLARED_SELECTOR = YES;
				GCC_WARN_UNINITIALIZED_AUTOS = YES_AGGRESSIVE;
				GCC_WARN_UNUSED_FUNCTION = YES;
				GCC_WARN_UNUSED_VARIABLE = YES;
				IPHONEOS_DEPLOYMENT_TARGET = 11.1;
				MTL_ENABLE_DEBUG_INFO = NO;
				SDKROOT = iphoneos;
				SWIFT_OPTIMIZATION_LEVEL = "-Owholemodule";
				VALIDATE_PRODUCT = YES;
			};
			name = Release;
		};
		24FD5ADA2122A13700B46A3F /* Debug */ = {
			isa = XCBuildConfiguration;
			buildSettings = {
				ASSETCATALOG_COMPILER_APPICON_NAME = AppIcon;
				CODE_SIGN_STYLE = Automatic;
				INFOPLIST_FILE = iOS_Club/Info.plist;
				LD_RUNPATH_SEARCH_PATHS = "$(inherited) @executable_path/Frameworks";
				PRODUCT_BUNDLE_IDENTIFIER = "iOS-Club.iOS-Club";
				PRODUCT_NAME = "$(TARGET_NAME)";
				SWIFT_VERSION = 4.0;
				TARGETED_DEVICE_FAMILY = "1,2";
			};
			name = Debug;
		};
		24FD5ADB2122A13700B46A3F /* Release */ = {
			isa = XCBuildConfiguration;
			buildSettings = {
				ASSETCATALOG_COMPILER_APPICON_NAME = AppIcon;
				CODE_SIGN_STYLE = Automatic;
				INFOPLIST_FILE = iOS_Club/Info.plist;
				LD_RUNPATH_SEARCH_PATHS = "$(inherited) @executable_path/Frameworks";
				PRODUCT_BUNDLE_IDENTIFIER = "iOS-Club.iOS-Club";
				PRODUCT_NAME = "$(TARGET_NAME)";
				SWIFT_VERSION = 4.0;
				TARGETED_DEVICE_FAMILY = "1,2";
			};
			name = Release;
		};
		24FD5ADD2122A13700B46A3F /* Debug */ = {
			isa = XCBuildConfiguration;
			buildSettings = {
				ALWAYS_EMBED_SWIFT_STANDARD_LIBRARIES = YES;
				BUNDLE_LOADER = "$(TEST_HOST)";
				CODE_SIGN_STYLE = Automatic;
				INFOPLIST_FILE = iOS_ClubTests/Info.plist;
				LD_RUNPATH_SEARCH_PATHS = "$(inherited) @executable_path/Frameworks @loader_path/Frameworks";
				PRODUCT_BUNDLE_IDENTIFIER = "iOS-Club.iOS-ClubTests";
				PRODUCT_NAME = "$(TARGET_NAME)";
				SWIFT_VERSION = 4.0;
				TARGETED_DEVICE_FAMILY = "1,2";
				TEST_HOST = "$(BUILT_PRODUCTS_DIR)/iOS_Club.app/iOS_Club";
			};
			name = Debug;
		};
		24FD5ADE2122A13700B46A3F /* Release */ = {
			isa = XCBuildConfiguration;
			buildSettings = {
				ALWAYS_EMBED_SWIFT_STANDARD_LIBRARIES = YES;
				BUNDLE_LOADER = "$(TEST_HOST)";
				CODE_SIGN_STYLE = Automatic;
				INFOPLIST_FILE = iOS_ClubTests/Info.plist;
				LD_RUNPATH_SEARCH_PATHS = "$(inherited) @executable_path/Frameworks @loader_path/Frameworks";
				PRODUCT_BUNDLE_IDENTIFIER = "iOS-Club.iOS-ClubTests";
				PRODUCT_NAME = "$(TARGET_NAME)";
				SWIFT_VERSION = 4.0;
				TARGETED_DEVICE_FAMILY = "1,2";
				TEST_HOST = "$(BUILT_PRODUCTS_DIR)/iOS_Club.app/iOS_Club";
			};
			name = Release;
		};
		24FD5AE02122A13700B46A3F /* Debug */ = {
			isa = XCBuildConfiguration;
			buildSettings = {
				ALWAYS_EMBED_SWIFT_STANDARD_LIBRARIES = YES;
				CODE_SIGN_STYLE = Automatic;
				INFOPLIST_FILE = iOS_ClubUITests/Info.plist;
				LD_RUNPATH_SEARCH_PATHS = "$(inherited) @executable_path/Frameworks @loader_path/Frameworks";
				PRODUCT_BUNDLE_IDENTIFIER = "iOS-Club.iOS-ClubUITests";
				PRODUCT_NAME = "$(TARGET_NAME)";
				SWIFT_VERSION = 4.0;
				TARGETED_DEVICE_FAMILY = "1,2";
				TEST_TARGET_NAME = iOS_Club;
			};
			name = Debug;
		};
		24FD5AE12122A13700B46A3F /* Release */ = {
			isa = XCBuildConfiguration;
			buildSettings = {
				ALWAYS_EMBED_SWIFT_STANDARD_LIBRARIES = YES;
				CODE_SIGN_STYLE = Automatic;
				INFOPLIST_FILE = iOS_ClubUITests/Info.plist;
				LD_RUNPATH_SEARCH_PATHS = "$(inherited) @executable_path/Frameworks @loader_path/Frameworks";
				PRODUCT_BUNDLE_IDENTIFIER = "iOS-Club.iOS-ClubUITests";
				PRODUCT_NAME = "$(TARGET_NAME)";
				SWIFT_VERSION = 4.0;
				TARGETED_DEVICE_FAMILY = "1,2";
				TEST_TARGET_NAME = iOS_Club;
			};
			name = Release;
		};
/* End XCBuildConfiguration section */

/* Begin XCConfigurationList section */
		24FD5AAC2122A13700B46A3F /* Build configuration list for PBXProject "iOS_Club" */ = {
			isa = XCConfigurationList;
			buildConfigurations = (
				24FD5AD72122A13700B46A3F /* Debug */,
				24FD5AD82122A13700B46A3F /* Release */,
			);
			defaultConfigurationIsVisible = 0;
			defaultConfigurationName = Release;
		};
		24FD5AD92122A13700B46A3F /* Build configuration list for PBXNativeTarget "iOS_Club" */ = {
			isa = XCConfigurationList;
			buildConfigurations = (
				24FD5ADA2122A13700B46A3F /* Debug */,
				24FD5ADB2122A13700B46A3F /* Release */,
			);
			defaultConfigurationIsVisible = 0;
			defaultConfigurationName = Release;
		};
		24FD5ADC2122A13700B46A3F /* Build configuration list for PBXNativeTarget "iOS_ClubTests" */ = {
			isa = XCConfigurationList;
			buildConfigurations = (
				24FD5ADD2122A13700B46A3F /* Debug */,
				24FD5ADE2122A13700B46A3F /* Release */,
			);
			defaultConfigurationIsVisible = 0;
			defaultConfigurationName = Release;
		};
		24FD5ADF2122A13700B46A3F /* Build configuration list for PBXNativeTarget "iOS_ClubUITests" */ = {
			isa = XCConfigurationList;
			buildConfigurations = (
				24FD5AE02122A13700B46A3F /* Debug */,
				24FD5AE12122A13700B46A3F /* Release */,
			);
			defaultConfigurationIsVisible = 0;
			defaultConfigurationName = Release;
		};
/* End XCConfigurationList section */
	};
	rootObject = 24FD5AA92122A13700B46A3F /* Project object */;
}
